
Microsoft Visual Studio Solution File, Format Version 12.00
# Visual Studio Version 16
VisualStudioVersion = 16.0.30114.105
MinimumVisualStudioVersion = 10.0.40219.1
Project("{2150E333-8FDC-42A3-9474-1A3956D46DE8}") = "src", "src", "{D2537FB0-4A99-48B7-A074-0EABD7C80F52}"
EndProject
Project("{FAE04EC0-301F-11D3-BF4B-00C04F79EFBC}") = "DigitalQueue.Web", "src\DigitalQueue.Web\DigitalQueue.Web.csproj", "{1EC0C138-8574-4F62-AEB5-6186D53E58D1}"
EndProject
Global
	GlobalSection(SolutionConfigurationPlatforms) = preSolution
		Debug|Any CPU = Debug|Any CPU
		Release|Any CPU = Release|Any CPU
	EndGlobalSection
	GlobalSection(SolutionProperties) = preSolution
		HideSolutionNode = FALSE
	EndGlobalSection
	GlobalSection(ProjectConfigurationPlatforms) = postSolution
		{1EC0C138-8574-4F62-AEB5-6186D53E58D1}.Debug|Any CPU.ActiveCfg = Debug|Any CPU
		{1EC0C138-8574-4F62-AEB5-6186D53E58D1}.Debug|Any CPU.Build.0 = Debug|Any CPU
		{1EC0C138-8574-4F62-AEB5-6186D53E58D1}.Release|Any CPU.ActiveCfg = Release|Any CPU
		{1EC0C138-8574-4F62-AEB5-6186D53E58D1}.Release|Any CPU.Build.0 = Release|Any CPU
	EndGlobalSection
	GlobalSection(NestedProjects) = preSolution
		{1EC0C138-8574-4F62-AEB5-6186D53E58D1} = {D2537FB0-4A99-48B7-A074-0EABD7C80F52}
	EndGlobalSection
EndGlobal
